Microsoft Visual Studio Solution File, Format Version 12.00
# Visual Studio Version 17
VisualStudioVersion = 17.5.2.0
MinimumVisualStudioVersion = 10.0.40219.1
Project("{2150E333-8FDC-42A3-9474-1A3956D46DE8}") = "SuperAdmin", "SuperAdmin", "{D9D5FCA7-2868-EF82-8254-3F32057C21F5}"
EndProject
Project("{2150E333-8FDC-42A3-9474-1A3956D46DE8}") = "backend", "backend", "{EFFEC0AA-0F87-D433-850B-883E995CF296}"
EndProject
Project("{FAE04EC0-301F-11D3-BF4B-00C04F79EFBC}") = "SuperAdmin.API", "SuperAdmin\backend\SuperAdmin.API\SuperAdmin.API.csproj", "{E19AF0C0-E95D-D978-0214-482DAB571DA2}"
EndProject
Global
	GlobalSection(SolutionConfigurationPlatforms) = preSolution
		Debug|Any CPU = Debug|Any CPU
		Release|Any CPU = Release|Any CPU
	EndGlobalSection
	GlobalSection(ProjectConfigurationPlatforms) = postSolution
		{E19AF0C0-E95D-D978-0214-482DAB571DA2}.Debug|Any CPU.ActiveCfg = Debug|Any CPU
		{E19AF0C0-E95D-D978-0214-482DAB571DA2}.Debug|Any CPU.Build.0 = Debug|Any CPU
		{E19AF0C0-E95D-D978-0214-482DAB571DA2}.Release|Any CPU.ActiveCfg = Release|Any CPU
		{E19AF0C0-E95D-D978-0214-482DAB571DA2}.Release|Any CPU.Build.0 = Release|Any CPU
	EndGlobalSection
	GlobalSection(SolutionProperties) = preSolution
		HideSolutionNode = FALSE
	EndGlobalSection
	GlobalSection(NestedProjects) = preSolution
		{EFFEC0AA-0F87-D433-850B-883E995CF296} = {D9D5FCA7-2868-EF82-8254-3F32057C21F5}
		{E19AF0C0-E95D-D978-0214-482DAB571DA2} = {EFFEC0AA-0F87-D433-850B-883E995CF296}
	EndGlobalSection
	GlobalSection(ExtensibilityGlobals) = postSolution
		SolutionGuid = {542A1375-A13F-4315-8A9C-067650ABD4ED}
	EndGlobalSection
EndGlobal
